
Microsoft Visual Studio Solution File, Format Version 12.00
Project("{FAE04EC0-301F-11D3-BF4B-00C04F79EFBC}") = "ModConfigManagerClient", "ModConfigManagerClient\ModConfigManagerClient.csproj", "{000F7C69-67B5-4CD6-ACF2-0E250C9589B4}"
EndProject
Project("{FAE04EC0-301F-11D3-BF4B-00C04F79EFBC}") = "ModdingToolkitTestPlugin", "ModdingToolkitTestPlugin\ModdingToolkitTestPlugin.csproj", "{C42C3C4C-88AC-4D71-88FC-7BF55437A9F2}"
EndProject
Project("{FAE04EC0-301F-11D3-BF4B-00C04F79EFBC}") = "WindowsClient", "ModdingToolkit\WindowsClient.csproj", "{90276165-6668-4D08-89F5-77E9CD26E1C6}"
EndProject
Project("{FAE04EC0-301F-11D3-BF4B-00C04F79EFBC}") = "WindowsServer", "WindowsServer\WindowsServer.csproj", "{1B3EEA41-3626-4050-87B3-00A07B8A352E}"
EndProject
Global
	GlobalSection(SolutionConfigurationPlatforms) = preSolution
		Debug|Any CPU = Debug|Any CPU
		Release|Any CPU = Release|Any CPU
	EndGlobalSection
	GlobalSection(ProjectConfigurationPlatforms) = postSolution
		{000F7C69-67B5-4CD6-ACF2-0E250C9589B4}.Debug|Any CPU.ActiveCfg = Debug|Any CPU
		{000F7C69-67B5-4CD6-ACF2-0E250C9589B4}.Debug|Any CPU.Build.0 = Debug|Any CPU
		{000F7C69-67B5-4CD6-ACF2-0E250C9589B4}.Release|Any CPU.ActiveCfg = Release|Any CPU
		{000F7C69-67B5-4CD6-ACF2-0E250C9589B4}.Release|Any CPU.Build.0 = Release|Any CPU
		{C42C3C4C-88AC-4D71-88FC-7BF55437A9F2}.Debug|Any CPU.ActiveCfg = Debug|Any CPU
		{C42C3C4C-88AC-4D71-88FC-7BF55437A9F2}.Debug|Any CPU.Build.0 = Debug|Any CPU
		{C42C3C4C-88AC-4D71-88FC-7BF55437A9F2}.Release|Any CPU.ActiveCfg = Release|Any CPU
		{C42C3C4C-88AC-4D71-88FC-7BF55437A9F2}.Release|Any CPU.Build.0 = Release|Any CPU
		{90276165-6668-4D08-89F5-77E9CD26E1C6}.Debug|Any CPU.ActiveCfg = Debug|Any CPU
		{90276165-6668-4D08-89F5-77E9CD26E1C6}.Debug|Any CPU.Build.0 = Debug|Any CPU
		{90276165-6668-4D08-89F5-77E9CD26E1C6}.Release|Any CPU.ActiveCfg = Release|Any CPU
		{90276165-6668-4D08-89F5-77E9CD26E1C6}.Release|Any CPU.Build.0 = Release|Any CPU
		{1B3EEA41-3626-4050-87B3-00A07B8A352E}.Debug|Any CPU.ActiveCfg = Debug|Any CPU
		{1B3EEA41-3626-4050-87B3-00A07B8A352E}.Debug|Any CPU.Build.0 = Debug|Any CPU
		{1B3EEA41-3626-4050-87B3-00A07B8A352E}.Release|Any CPU.ActiveCfg = Release|Any CPU
		{1B3EEA41-3626-4050-87B3-00A07B8A352E}.Release|Any CPU.Build.0 = Release|Any CPU
	EndGlobalSection
EndGlobal
